
Microsoft Visual Studio Solution File, Format Version 12.00
# Visual Studio Version 17
VisualStudioVersion = 17.4.33213.308
MinimumVisualStudioVersion = 10.0.40219.1
Project("{FAE04EC0-301F-11D3-BF4B-00C04F79EFBC}") = "FiltroSeguridad", "FiltroSeguridad.csproj", "{60526E50-AFFA-4A70-9EFB-6959EADCCEE3}"
EndProject
Global
	GlobalSection(SolutionConfigurationPlatforms) = preSolution
		Debug|Any CPU = Debug|Any CPU
		Release|Any CPU = Release|Any CPU
	EndGlobalSection
	GlobalSection(ProjectConfigurationPlatforms) = postSolution
		{60526E50-AFFA-4A70-9EFB-6959EADCCEE3}.Debug|Any CPU.ActiveCfg = Debug|Any CPU
		{60526E50-AFFA-4A70-9EFB-6959EADCCEE3}.Debug|Any CPU.Build.0 = Debug|Any CPU
		{60526E50-AFFA-4A70-9EFB-6959EADCCEE3}.Release|Any CPU.ActiveCfg = Release|Any CPU
		{60526E50-AFFA-4A70-9EFB-6959EADCCEE3}.Release|Any CPU.Build.0 = Release|Any CPU
	EndGlobalSection
	GlobalSection(SolutionProperties) = preSolution
		HideSolutionNode = FALSE
	EndGlobalSection
	GlobalSection(ExtensibilityGlobals) = postSolution
		SolutionGuid = {D874FD22-20DB-4D53-ABD7-A85673D88F04}
	EndGlobalSection
EndGlobal
